# This file is automatically @generated by Cargo.
# It is not intended for manual editing.
version = 4

[[package]]
name = "ch01-syntax"
version = "0.1.0"

[[package]]
name = "ch02-ownership"
version = "0.1.0"

[[package]]
name = "ch03-composite-types"
version = "0.1.0"

[[package]]
name = "ch04-traits-generics"
version = "0.1.0"

[[package]]
name = "ch05-practical-skills"
version = "0.1.0"

[[package]]
name = "solutions"
version = "0.1.0"
